Microsoft Visual Studio Solution File, Format Version 12.00
# Visual Studio 2012
Project("{FAE04EC0-301F-11D3-BF4B-00C04F79EFBC}") = "Telerik.StarterKit.Modules.Agents", "Telerik.StarterKit.Modules.Agents\Telerik.StarterKit.Modules.Agents.csproj", "{DEDF868A-C8F4-4B1B-9562-0E0A41F7CA33}"
EndProject
Project("{FAE04EC0-301F-11D3-BF4B-00C04F79EFBC}") = "Telerik.StarterKit.Modules.RealEstate", "Telerik.StarterKit.Modules.RealEstate\Telerik.StarterKit.Modules.RealEstate.csproj", "{E541FED4-E70D-4E31-9F7F-75D2A3B9EC56}"
EndProject
Project("{FAE04EC0-301F-11D3-BF4B-00C04F79EFBC}") = "Telerik.StarterKit.Widgets.Events", "Telerik.StarterKit.Widgets.Events\Telerik.StarterKit.Widgets.Events.csproj", "{D5911215-60BC-47EE-960C-6C56800D4017}"
EndProject
Project("{FAE04EC0-301F-11D3-BF4B-00C04F79EFBC}") = "Telerik.StarterKit.Widgets.Facebook", "Telerik.StarterKit.Widgets.Facebook\Telerik.StarterKit.Widgets.Facebook.csproj", "{3ACCDA8B-2588-410A-8880-04BCC14FDE77}"
EndProject
Project("{FAE04EC0-301F-11D3-BF4B-00C04F79EFBC}") = "Telerik.StarterKit.Widgets.News", "Telerik.StarterKit.Widgets.News\Telerik.StarterKit.Widgets.News.csproj", "{A0CC580E-A8A1-4B7C-9402-328B51C92EC6}"
EndProject
Project("{FAE04EC0-301F-11D3-BF4B-00C04F79EFBC}") = "Telerik.StarterKit.Widgets.Twitter", "Telerik.StarterKit.Widgets.Twitter\Telerik.StarterKit.Widgets.Twitter.csproj", "{5C532A79-C354-47CD-AAC6-9F56227E944B}"
EndProject
Project("{FAE04EC0-301F-11D3-BF4B-00C04F79EFBC}") = "Telerik.Sitefinity.Samples.Common", "Telerik.Sitefinity.Samples.Common\Telerik.Sitefinity.Samples.Common.csproj", "{CF03FB62-A8CC-42B4-9C81-87920C530D74}"
EndProject
Project("{FAE04EC0-301F-11D3-BF4B-00C04F79EFBC}") = "SitefinityWebApp", "SitefinityWebApp\SitefinityWebApp.csproj", "{A0E0CD3E-E40F-4497-814F-F3C3170FFBFF}"
EndProject
Global
	GlobalSection(SolutionConfigurationPlatforms) = preSolution
		Debug|Any CPU = Debug|Any CPU
		Release Pro|Any CPU = Release Pro|Any CPU
		Release|Any CPU = Release|Any CPU
	EndGlobalSection
	GlobalSection(ProjectConfigurationPlatforms) = postSolution
		{DEDF868A-C8F4-4B1B-9562-0E0A41F7CA33}.Debug|Any CPU.ActiveCfg = Debug|Any CPU
		{DEDF868A-C8F4-4B1B-9562-0E0A41F7CA33}.Debug|Any CPU.Build.0 = Debug|Any CPU
		{DEDF868A-C8F4-4B1B-9562-0E0A41F7CA33}.Release Pro|Any CPU.ActiveCfg = Release|Any CPU
		{DEDF868A-C8F4-4B1B-9562-0E0A41F7CA33}.Release Pro|Any CPU.Build.0 = Release|Any CPU
		{DEDF868A-C8F4-4B1B-9562-0E0A41F7CA33}.Release|Any CPU.ActiveCfg = Release|Any CPU
		{DEDF868A-C8F4-4B1B-9562-0E0A41F7CA33}.Release|Any CPU.Build.0 = Release|Any CPU
		{E541FED4-E70D-4E31-9F7F-75D2A3B9EC56}.Debug|Any CPU.ActiveCfg = Debug|Any CPU
		{E541FED4-E70D-4E31-9F7F-75D2A3B9EC56}.Debug|Any CPU.Build.0 = Debug|Any CPU
		{E541FED4-E70D-4E31-9F7F-75D2A3B9EC56}.Release Pro|Any CPU.ActiveCfg = Release|Any CPU
		{E541FED4-E70D-4E31-9F7F-75D2A3B9EC56}.Release Pro|Any CPU.Build.0 = Release|Any CPU
		{E541FED4-E70D-4E31-9F7F-75D2A3B9EC56}.Release|Any CPU.ActiveCfg = Release|Any CPU
		{E541FED4-E70D-4E31-9F7F-75D2A3B9EC56}.Release|Any CPU.Build.0 = Release|Any CPU
		{D5911215-60BC-47EE-960C-6C56800D4017}.Debug|Any CPU.ActiveCfg = Debug|Any CPU
		{D5911215-60BC-47EE-960C-6C56800D4017}.Debug|Any CPU.Build.0 = Debug|Any CPU
		{D5911215-60BC-47EE-960C-6C56800D4017}.Release Pro|Any CPU.ActiveCfg = Release|Any CPU
		{D5911215-60BC-47EE-960C-6C56800D4017}.Release Pro|Any CPU.Build.0 = Release|Any CPU
		{D5911215-60BC-47EE-960C-6C56800D4017}.Release|Any CPU.ActiveCfg = Release|Any CPU
		{D5911215-60BC-47EE-960C-6C56800D4017}.Release|Any CPU.Build.0 = Release|Any CPU
		{3ACCDA8B-2588-410A-8880-04BCC14FDE77}.Debug|Any CPU.ActiveCfg = Debug|Any CPU
		{3ACCDA8B-2588-410A-8880-04BCC14FDE77}.Debug|Any CPU.Build.0 = Debug|Any CPU
		{3ACCDA8B-2588-410A-8880-04BCC14FDE77}.Release Pro|Any CPU.ActiveCfg = Release|Any CPU
		{3ACCDA8B-2588-410A-8880-04BCC14FDE77}.Release Pro|Any CPU.Build.0 = Release|Any CPU
		{3ACCDA8B-2588-410A-8880-04BCC14FDE77}.Release|Any CPU.ActiveCfg = Release|Any CPU
		{3ACCDA8B-2588-410A-8880-04BCC14FDE77}.Release|Any CPU.Build.0 = Release|Any CPU
		{A0CC580E-A8A1-4B7C-9402-328B51C92EC6}.Debug|Any CPU.ActiveCfg = Debug|Any CPU
		{A0CC580E-A8A1-4B7C-9402-328B51C92EC6}.Debug|Any CPU.Build.0 = Debug|Any CPU
		{A0CC580E-A8A1-4B7C-9402-328B51C92EC6}.Release Pro|Any CPU.ActiveCfg = Release|Any CPU
		{A0CC580E-A8A1-4B7C-9402-328B51C92EC6}.Release Pro|Any CPU.Build.0 = Release|Any CPU
		{A0CC580E-A8A1-4B7C-9402-328B51C92EC6}.Release|Any CPU.ActiveCfg = Release|Any CPU
		{A0CC580E-A8A1-4B7C-9402-328B51C92EC6}.Release|Any CPU.Build.0 = Release|Any CPU
		{5C532A79-C354-47CD-AAC6-9F56227E944B}.Debug|Any CPU.ActiveCfg = Debug|Any CPU
		{5C532A79-C354-47CD-AAC6-9F56227E944B}.Debug|Any CPU.Build.0 = Debug|Any CPU
		{5C532A79-C354-47CD-AAC6-9F56227E944B}.Release Pro|Any CPU.ActiveCfg = Release|Any CPU
		{5C532A79-C354-47CD-AAC6-9F56227E944B}.Release Pro|Any CPU.Build.0 = Release|Any CPU
		{5C532A79-C354-47CD-AAC6-9F56227E944B}.Release|Any CPU.ActiveCfg = Release|Any CPU
		{5C532A79-C354-47CD-AAC6-9F56227E944B}.Release|Any CPU.Build.0 = Release|Any CPU
		{CF03FB62-A8CC-42B4-9C81-87920C530D74}.Debug|Any CPU.ActiveCfg = Debug|Any CPU
		{CF03FB62-A8CC-42B4-9C81-87920C530D74}.Debug|Any CPU.Build.0 = Debug|Any CPU
		{CF03FB62-A8CC-42B4-9C81-87920C530D74}.Release Pro|Any CPU.ActiveCfg = Release|Any CPU
		{CF03FB62-A8CC-42B4-9C81-87920C530D74}.Release Pro|Any CPU.Build.0 = Release|Any CPU
		{CF03FB62-A8CC-42B4-9C81-87920C530D74}.Release|Any CPU.ActiveCfg = Release|Any CPU
		{CF03FB62-A8CC-42B4-9C81-87920C530D74}.Release|Any CPU.Build.0 = Release|Any CPU
		{A0E0CD3E-E40F-4497-814F-F3C3170FFBFF}.Debug|Any CPU.ActiveCfg = Debug|Any CPU
		{A0E0CD3E-E40F-4497-814F-F3C3170FFBFF}.Debug|Any CPU.Build.0 = Debug|Any CPU
		{A0E0CD3E-E40F-4497-814F-F3C3170FFBFF}.Release Pro|Any CPU.ActiveCfg = Release Pro|Any CPU
		{A0E0CD3E-E40F-4497-814F-F3C3170FFBFF}.Release Pro|Any CPU.Build.0 = Release Pro|Any CPU
		{A0E0CD3E-E40F-4497-814F-F3C3170FFBFF}.Release|Any CPU.ActiveCfg = Release|Any CPU
		{A0E0CD3E-E40F-4497-814F-F3C3170FFBFF}.Release|Any CPU.Build.0 = Release|Any CPU
	EndGlobalSection
	GlobalSection(SolutionProperties) = preSolution
		HideSolutionNode = FALSE
	EndGlobalSection
EndGlobal
